{
  "name": "backend",
  "lockfileVersion": 2,
  "requires": true,
  "packages": {
    "": {
      "dependencies": {
        "bun": "^1.0.25"
      }
    },
    "node_modules/@oven/bun-darwin-aarch64": {
      "version": "1.0.25",
      "resolved": "https://registry.npmjs.org/@oven/bun-darwin-aarch64/-/bun-darwin-aarch64-1.0.25.tgz",
      "integrity": "sha512-Yt1FJhpMotQZ7dB+mFE3SJN+tUsRA9Z6DJpW4s79KAxrIUDbYcpCxasGR/0uV/oowBAD8FkST8d4KN2yU8oyYw==",
      "cpu": [
        "arm64"
      ],
      "optional": true,
      "os": [
        "darwin"
      ]
    },
    "node_modules/@oven/bun-darwin-x64": {
      "version": "1.0.25",
      "resolved": "https://registry.npmjs.org/@oven/bun-darwin-x64/-/bun-darwin-x64-1.0.25.tgz",
      "integrity": "sha512-eqF9FPavqkbtFLTk1w9GVGsLKh2q1d4jXunrHo9F48sZ5n3eHtdt3BvsB8zV8GnIEMOjYFaBuydRo7Y9URr4dg==",
      "cpu": [
        "x64"
      ],
      "optional": true,
      "os": [
        "darwin"
      ]
    },
    "node_modules/@oven/bun-darwin-x64-baseline": {
      "version": "1.0.25",
      "resolved": "https://registry.npmjs.org/@oven/bun-darwin-x64-baseline/-/bun-darwin-x64-baseline-1.0.25.tgz",
      "integrity": "sha512-e2zm5xRH4VvgTu7U9PxxpuT/kYmynkEY+6CT7SvmCokCEBCIszsM54offhYQ3iL5bRcP4DNQ7OwbUI5CpS8rnQ==",
      "cpu": [
        "x64"
      ],
      "optional": true,
      "os": [
        "darwin"
      ]
    },
    "node_modules/@oven/bun-linux-aarch64": {
      "version": "1.0.25",
      "resolved": "https://registry.npmjs.org/@oven/bun-linux-aarch64/-/bun-linux-aarch64-1.0.25.tgz",
      "integrity": "sha512-h1NIoNTfr9ol5mYCIRFm8zsekmPWMUTNYzRLyV4Rdivfbf51u5OEI/DA9I/7+sHnd6WqdL+xcWQsAu0xjsWe+w==",
      "cpu": [
        "arm64"
      ],
      "optional": true,
      "os": [
        "linux"
      ]
    },
    "node_modules/@oven/bun-linux-x64": {
      "version": "1.0.25",
      "resolved": "https://registry.npmjs.org/@oven/bun-linux-x64/-/bun-linux-x64-1.0.25.tgz",
      "integrity": "sha512-2cXW8V9ZYWKeI5XzOE4bQgnJ2No96I0kt7jLASn04mXJNStmxPnYS6BBzqxGNHeNx3kVhQcf3kHsO4Z3+GKyag==",
      "cpu": [
        "x64"
      ],
      "optional": true,
      "os": [
        "linux"
      ]
    },
    "node_modules/@oven/bun-linux-x64-baseline": {
      "version": "1.0.25",
      "resolved": "https://registry.npmjs.org/@oven/bun-linux-x64-baseline/-/bun-linux-x64-baseline-1.0.25.tgz",
      "integrity": "sha512-jHp0OfKeZwNbzi8f0Be6SGRof3JUktH3nw1p6MlurXAUP9fcViRPouUqlwp+Valvu1bPQd2mNkvJLZvN1E0K7Q==",
      "cpu": [
        "x64"
      ],
      "optional": true,
      "os": [
        "linux"
      ]
    },
    "node_modules/bun": {
      "version": "1.0.25",
      "resolved": "https://registry.npmjs.org/bun/-/bun-1.0.25.tgz",
      "integrity": "sha512-/AOzoPOtbrOga8pR/qbFX0fvgCxBEn3L29Dt90fUJMCyB8YC6YXG6P919NyF/cANgJ3Vman3fI4+nFm8QYlYoQ==",
      "cpu": [
        "arm64",
        "x64"
      ],
      "hasInstallScript": true,
      "os": [
        "darwin",
        "linux"
      ],
      "bin": {
        "bun": "bin/bun",
        "bunx": "bin/bun"
      },
      "optionalDependencies": {
        "@oven/bun-darwin-aarch64": "1.0.25",
        "@oven/bun-darwin-x64": "1.0.25",
        "@oven/bun-darwin-x64-baseline": "1.0.25",
        "@oven/bun-linux-aarch64": "1.0.25",
        "@oven/bun-linux-x64": "1.0.25",
        "@oven/bun-linux-x64-baseline": "1.0.25"
      }
    }
  },
  "dependencies": {
    "@oven/bun-darwin-aarch64": {
      "version": "1.0.25",
      "resolved": "https://registry.npmjs.org/@oven/bun-darwin-aarch64/-/bun-darwin-aarch64-1.0.25.tgz",
      "integrity": "sha512-Yt1FJhpMotQZ7dB+mFE3SJN+tUsRA9Z6DJpW4s79KAxrIUDbYcpCxasGR/0uV/oowBAD8FkST8d4KN2yU8oyYw==",
      "optional": true
    },
    "@oven/bun-darwin-x64": {
      "version": "1.0.25",
      "resolved": "https://registry.npmjs.org/@oven/bun-darwin-x64/-/bun-darwin-x64-1.0.25.tgz",
      "integrity": "sha512-eqF9FPavqkbtFLTk1w9GVGsLKh2q1d4jXunrHo9F48sZ5n3eHtdt3BvsB8zV8GnIEMOjYFaBuydRo7Y9URr4dg==",
      "optional": true
    },
    "@oven/bun-darwin-x64-baseline": {
      "version": "1.0.25",
      "resolved": "https://registry.npmjs.org/@oven/bun-darwin-x64-baseline/-/bun-darwin-x64-baseline-1.0.25.tgz",
      "integrity": "sha512-e2zm5xRH4VvgTu7U9PxxpuT/kYmynkEY+6CT7SvmCokCEBCIszsM54offhYQ3iL5bRcP4DNQ7OwbUI5CpS8rnQ==",
      "optional": true
    },
    "@oven/bun-linux-aarch64": {
      "version": "1.0.25",
      "resolved": "https://registry.npmjs.org/@oven/bun-linux-aarch64/-/bun-linux-aarch64-1.0.25.tgz",
      "integrity": "sha512-h1NIoNTfr9ol5mYCIRFm8zsekmPWMUTNYzRLyV4Rdivfbf51u5OEI/DA9I/7+sHnd6WqdL+xcWQsAu0xjsWe+w==",
      "optional": true
    },
    "@oven/bun-linux-x64": {
      "version": "1.0.25",
      "resolved": "https://registry.npmjs.org/@oven/bun-linux-x64/-/bun-linux-x64-1.0.25.tgz",
      "integrity": "sha512-2cXW8V9ZYWKeI5XzOE4bQgnJ2No96I0kt7jLASn04mXJNStmxPnYS6BBzqxGNHeNx3kVhQcf3kHsO4Z3+GKyag==",
      "optional": true
    },
    "@oven/bun-linux-x64-baseline": {
      "version": "1.0.25",
      "resolved": "https://registry.npmjs.org/@oven/bun-linux-x64-baseline/-/bun-linux-x64-baseline-1.0.25.tgz",
      "integrity": "sha512-jHp0OfKeZwNbzi8f0Be6SGRof3JUktH3nw1p6MlurXAUP9fcViRPouUqlwp+Valvu1bPQd2mNkvJLZvN1E0K7Q==",
      "optional": true
    },
    "bun": {
      "version": "1.0.25",
      "resolved": "https://registry.npmjs.org/bun/-/bun-1.0.25.tgz",
      "integrity": "sha512-/AOzoPOtbrOga8pR/qbFX0fvgCxBEn3L29Dt90fUJMCyB8YC6YXG6P919NyF/cANgJ3Vman3fI4+nFm8QYlYoQ==",
      "requires": {
        "@oven/bun-darwin-aarch64": "1.0.25",
        "@oven/bun-darwin-x64": "1.0.25",
        "@oven/bun-darwin-x64-baseline": "1.0.25",
        "@oven/bun-linux-aarch64": "1.0.25",
        "@oven/bun-linux-x64": "1.0.25",
        "@oven/bun-linux-x64-baseline": "1.0.25"
      }
    }
  }
}
